// !$*UTF8*$!
{
	archiveVersion = 1;
	classes = {
	};
	objectVersion = 55;
	objects = {

/* Begin PBXBuildFile section */
		B380EBB7283C045500FD6BD1 /* IndividualViewController.swift in Sources */ = {isa = PBXBuildFile; fileRef = B380EBB6283C045500FD6BD1 /* IndividualViewController.swift */; };
		B380EBB9283C0DA700FD6BD1 /* FriendsAddTableViewCell.swift in Sources */ = {isa = PBXBuildFile; fileRef = B380EBB8283C0DA700FD6BD1 /* FriendsAddTableViewCell.swift */; };
		B380EBBB283C142E00FD6BD1 /* CountryTableViewCell.swift in Sources */ = {isa = PBXBuildFile; fileRef = B380EBBA283C142E00FD6BD1 /* CountryTableViewCell.swift */; };
		B380EBBD283C259E00FD6BD1 /* Country.swift in Sources */ = {isa = PBXBuildFile; fileRef = B380EBBC283C259E00FD6BD1 /* Country.swift */; };
		B380EBBF283C295800FD6BD1 /* Profile.swift in Sources */ = {isa = PBXBuildFile; fileRef = B380EBBE283C295800FD6BD1 /* Profile.swift */; };
		B380EBC1283C2A1000FD6BD1 /* IndividualTableViewCell.swift in Sources */ = {isa = PBXBuildFile; fileRef = B380EBC0283C2A1000FD6BD1 /* IndividualTableViewCell.swift */; };
		B3C2850A28481F1500F3D223 /* DetailedCountryModel.swift in Sources */ = {isa = PBXBuildFile; fileRef = B3C2850928481F1500F3D223 /* DetailedCountryModel.swift */; };
		B3C2850C28481F6600F3D223 /* countries.json in Resources */ = {isa = PBXBuildFile; fileRef = B3C2850B28481F6600F3D223 /* countries.json */; };
		B3C2850E2848505400F3D223 /* countriesData.json in Resources */ = {isa = PBXBuildFile; fileRef = B3C2850D2848505400F3D223 /* countriesData.json */; };
		B3C2D47228403BEC007F8113 /* data.json in Resources */ = {isa = PBXBuildFile; fileRef = B3C2D47128403BEC007F8113 /* data.json */; };
		B3C321D92840C6A9006221B8 /* Result.swift in Sources */ = {isa = PBXBuildFile; fileRef = B3C321D82840C6A9006221B8 /* Result.swift */; };
		B3C321DB2840C6CB006221B8 /* ResultItem.swift in Sources */ = {isa = PBXBuildFile; fileRef = B3C321DA2840C6CB006221B8 /* ResultItem.swift */; };
		B3C640E82845EB1C00FAE8E4 /* SDWebImage in Frameworks */ = {isa = PBXBuildFile; productRef = B3C640E72845EB1C00FAE8E4 /* SDWebImage */; };
		B3C640EA2845EB1C00FAE8E4 /* SDWebImageMapKit in Frameworks */ = {isa = PBXBuildFile; productRef = B3C640E92845EB1C00FAE8E4 /* SDWebImageMapKit */; };
		B3C9F27D28414E9800AE5FB1 /* CategolizedFriendGroupViewController.swift in Sources */ = {isa = PBXBuildFile; fileRef = B3C9F27C28414E9800AE5FB1 /* CategolizedFriendGroupViewController.swift */; };
		B3C9F27F2841517C00AE5FB1 /* CategolizedFriendGroupViewControllerCell.swift in Sources */ = {isa = PBXBuildFile; fileRef = B3C9F27E2841517C00AE5FB1 /* CategolizedFriendGroupViewControllerCell.swift */; };
		B3C9F28128416C4A00AE5FB1 /* TabBarViewController.swift in Sources */ = {isa = PBXBuildFile; fileRef = B3C9F28028416C4A00AE5FB1 /* TabBarViewController.swift */; };
		B3C9F2862841A50300AE5FB1 /* Realm in Frameworks */ = {isa = PBXBuildFile; productRef = B3C9F2852841A50300AE5FB1 /* Realm */; };
		B3C9F2882841A50300AE5FB1 /* RealmSwift in Frameworks */ = {isa = PBXBuildFile; productRef = B3C9F2872841A50300AE5FB1 /* RealmSwift */; };
		B3CF8D9028389911006678AC /* AppDelegate.swift in Sources */ = {isa = PBXBuildFile; fileRef = B3CF8D8F28389911006678AC /* AppDelegate.swift */; };
		B3CF8D9228389911006678AC /* SceneDelegate.swift in Sources */ = {isa = PBXBuildFile; fileRef = B3CF8D9128389911006678AC /* SceneDelegate.swift */; };
		B3CF8D9428389911006678AC /* ViewController.swift in Sources */ = {isa = PBXBuildFile; fileRef = B3CF8D9328389911006678AC /* ViewController.swift */; };
		B3CF8D9728389911006678AC /* Main.storyboard in Resources */ = {isa = PBXBuildFile; fileRef = B3CF8D9528389911006678AC /* Main.storyboard */; };
		B3CF8D9928389915006678AC /* Assets.xcassets in Resources */ = {isa = PBXBuildFile; fileRef = B3CF8D9828389915006678AC /* Assets.xcassets */; };
		B3CF8D9C28389915006678AC /* LaunchScreen.storyboard in Resources */ = {isa = PBXBuildFile; fileRef = B3CF8D9A28389915006678AC /* LaunchScreen.storyboard */; };
		B3CF8DA5283899E0006678AC /* Elements in Frameworks */ = {isa = PBXBuildFile; productRef = B3CF8DA4283899E0006678AC /* Elements */; };
		B3CF8DAC2838A047006678AC /* ViewTableCell.swift in Sources */ = {isa = PBXBuildFile; fileRef = B3CF8DAB2838A047006678AC /* ViewTableCell.swift */; };
		B3CF8DAE2838A09D006678AC /* ConvenientTool.swift in Sources */ = {isa = PBXBuildFile; fileRef = B3CF8DAD2838A09D006678AC /* ConvenientTool.swift */; };
		B3CF8DB02838A0BD006678AC /* ViewModel.swift in Sources */ = {isa = PBXBuildFile; fileRef = B3CF8DAF2838A0BD006678AC /* ViewModel.swift */; };
		B3CF8DB22838AA16006678AC /* CountriesViewController.swift in Sources */ = {isa = PBXBuildFile; fileRef = B3CF8DB12838AA16006678AC /* CountriesViewController.swift */; };
		B3CF8DB42838AE49006678AC /* FriendViewController.swift in Sources */ = {isa = PBXBuildFile; fileRef = B3CF8DB32838AE49006678AC /* FriendViewController.swift */; };
		B3CF8DB62838B046006678AC /* Friend.swift in Sources */ = {isa = PBXBuildFile; fileRef = B3CF8DB52838B046006678AC /* Friend.swift */; };
		B3CF8DB82838B0AC006678AC /* FriendsListCell.swift in Sources */ = {isa = PBXBuildFile; fileRef = B3CF8DB72838B0AC006678AC /* FriendsListCell.swift */; };
		B3CF8DBA2838B156006678AC /* FriendsAddViewController.swift in Sources */ = {isa = PBXBuildFile; fileRef = B3CF8DB92838B156006678AC /* FriendsAddViewController.swift */; };
/* End PBXBuildFile section */

/* Begin PBXFileReference section */
		B380EBB6283C045500FD6BD1 /* IndividualViewController.swift */ = {isa = PBXFileReference; lastKnownFileType = sourcecode.swift; path = IndividualViewController.swift; sourceTree = "<group>"; };
		B380EBB8283C0DA700FD6BD1 /* FriendsAddTableViewCell.swift */ = {isa = PBXFileReference; lastKnownFileType = sourcecode.swift; path = FriendsAddTableViewCell.swift; sourceTree = "<group>"; };
		B380EBBA283C142E00FD6BD1 /* CountryTableViewCell.swift */ = {isa = PBXFileReference; lastKnownFileType = sourcecode.swift; path = CountryTableViewCell.swift; sourceTree = "<group>"; };
		B380EBBC283C259E00FD6BD1 /* Country.swift */ = {isa = PBXFileReference; lastKnownFileType = sourcecode.swift; path = Country.swift; sourceTree = "<group>"; };
		B380EBBE283C295800FD6BD1 /* Profile.swift */ = {isa = PBXFileReference; lastKnownFileType = sourcecode.swift; path = Profile.swift; sourceTree = "<group>"; };
		B380EBC0283C2A1000FD6BD1 /* IndividualTableViewCell.swift */ = {isa = PBXFileReference; lastKnownFileType = sourcecode.swift; path = IndividualTableViewCell.swift; sourceTree = "<group>"; };
		B3C2850928481F1500F3D223 /* DetailedCountryModel.swift */ = {isa = PBXFileReference; lastKnownFileType = sourcecode.swift; path = DetailedCountryModel.swift; sourceTree = "<group>"; };
		B3C2850B28481F6600F3D223 /* countries.json */ = {isa = PBXFileReference; fileEncoding = 4; lastKnownFileType = text.json; path = countries.json; sourceTree = SOURCE_ROOT; };
		B3C2850D2848505400F3D223 /* countriesData.json */ = {isa = PBXFileReference; fileEncoding = 4; lastKnownFileType = text.json; path = countriesData.json; sourceTree = SOURCE_ROOT; };
		B3C2D47128403BEC007F8113 /* data.json */ = {isa = PBXFileReference; fileEncoding = 4; lastKnownFileType = text.json; path = data.json; sourceTree = SOURCE_ROOT; };
		B3C321D82840C6A9006221B8 /* Result.swift */ = {isa = PBXFileReference; lastKnownFileType = sourcecode.swift; path = Result.swift; sourceTree = "<group>"; };
		B3C321DA2840C6CB006221B8 /* ResultItem.swift */ = {isa = PBXFileReference; lastKnownFileType = sourcecode.swift; path = ResultItem.swift; sourceTree = "<group>"; };
		B3C9F27C28414E9800AE5FB1 /* CategolizedFriendGroupViewController.swift */ = {isa = PBXFileReference; lastKnownFileType = sourcecode.swift; path = CategolizedFriendGroupViewController.swift; sourceTree = "<group>"; };
		B3C9F27E2841517C00AE5FB1 /* CategolizedFriendGroupViewControllerCell.swift */ = {isa = PBXFileReference; lastKnownFileType = sourcecode.swift; path = CategolizedFriendGroupViewControllerCell.swift; sourceTree = "<group>"; };
		B3C9F28028416C4A00AE5FB1 /* TabBarViewController.swift */ = {isa = PBXFileReference; lastKnownFileType = sourcecode.swift; path = TabBarViewController.swift; sourceTree = "<group>"; };
		B3CF8D8C28389911006678AC /* Timezone.app */ = {isa = PBXFileReference; explicitFileType = wrapper.application; includeInIndex = 0; path = Timezone.app; sourceTree = BUILT_PRODUCTS_DIR; };
		B3CF8D8F28389911006678AC /* AppDelegate.swift */ = {isa = PBXFileReference; lastKnownFileType = sourcecode.swift; path = AppDelegate.swift; sourceTree = "<group>"; };
		B3CF8D9128389911006678AC /* SceneDelegate.swift */ = {isa = PBXFileReference; lastKnownFileType = sourcecode.swift; path = SceneDelegate.swift; sourceTree = "<group>"; };
		B3CF8D9328389911006678AC /* ViewController.swift */ = {isa = PBXFileReference; lastKnownFileType = sourcecode.swift; path = ViewController.swift; sourceTree = "<group>"; };
		B3CF8D9628389911006678AC /* Base */ = {isa = PBXFileReference; lastKnownFileType = file.storyboard; name = Base; path = Base.lproj/Main.storyboard; sourceTree = "<group>"; };
		B3CF8D9828389915006678AC /* Assets.xcassets */ = {isa = PBXFileReference; lastKnownFileType = folder.assetcatalog; path = Assets.xcassets; sourceTree = "<group>"; };
		B3CF8D9B28389915006678AC /* Base */ = {isa = PBXFileReference; lastKnownFileType = file.storyboard; name = Base; path = Base.lproj/LaunchScreen.storyboard; sourceTree = "<group>"; };
		B3CF8D9D28389915006678AC /* Info.plist */ = {isa = PBXFileReference; lastKnownFileType = text.plist.xml; path = Info.plist; sourceTree = "<group>"; };
		B3CF8DAB2838A047006678AC /* ViewTableCell.swift */ = {isa = PBXFileReference; lastKnownFileType = sourcecode.swift; path = ViewTableCell.swift; sourceTree = "<group>"; };
		B3CF8DAD2838A09D006678AC /* ConvenientTool.swift */ = {isa = PBXFileReference; lastKnownFileType = sourcecode.swift; path = ConvenientTool.swift; sourceTree = "<group>"; };
		B3CF8DAF2838A0BD006678AC /* ViewModel.swift */ = {isa = PBXFileReference; lastKnownFileType = sourcecode.swift; path = ViewModel.swift; sourceTree = "<group>"; };
		B3CF8DB12838AA16006678AC /* CountriesViewController.swift */ = {isa = PBXFileReference; lastKnownFileType = sourcecode.swift; path = CountriesViewController.swift; sourceTree = "<group>"; };
		B3CF8DB32838AE49006678AC /* FriendViewController.swift */ = {isa = PBXFileReference; lastKnownFileType = sourcecode.swift; path = FriendViewController.swift; sourceTree = "<group>"; };
		B3CF8DB52838B046006678AC /* Friend.swift */ = {isa = PBXFileReference; lastKnownFileType = sourcecode.swift; path = Friend.swift; sourceTree = "<group>"; };
		B3CF8DB72838B0AC006678AC /* FriendsListCell.swift */ = {isa = PBXFileReference; lastKnownFileType = sourcecode.swift; path = FriendsListCell.swift; sourceTree = "<group>"; };
		B3CF8DB92838B156006678AC /* FriendsAddViewController.swift */ = {isa = PBXFileReference; lastKnownFileType = sourcecode.swift; path = FriendsAddViewController.swift; sourceTree = "<group>"; };
/* End PBXFileReference section */

/* Begin PBXFrameworksBuildPhase section */
		B3CF8D8928389911006678AC /* Frameworks */ = {
			isa = PBXFrameworksBuildPhase;
			buildActionMask = 2147483647;
			files = (
				B3C9F2882841A50300AE5FB1 /* RealmSwift in Frameworks */,
				B3C640EA2845EB1C00FAE8E4 /* SDWebImageMapKit in Frameworks */,
				B3C9F2862841A50300AE5FB1 /* Realm in Frameworks */,
				B3C640E82845EB1C00FAE8E4 /* SDWebImage in Frameworks */,
				B3CF8DA5283899E0006678AC /* Elements in Frameworks */,
			);
			runOnlyForDeploymentPostprocessing = 0;
		};
/* End PBXFrameworksBuildPhase section */

/* Begin PBXGroup section */
		B3C9F2822841891B00AE5FB1 /* CountryGroup */ = {
			isa = PBXGroup;
			children = (
				B3CF8DB12838AA16006678AC /* CountriesViewController.swift */,
				B3C9F27C28414E9800AE5FB1 /* CategolizedFriendGroupViewController.swift */,
			);
			path = CountryGroup;
			sourceTree = "<group>";
		};
		B3C9F2832841895200AE5FB1 /* FriendGroup */ = {
			isa = PBXGroup;
			children = (
				B3CF8DB32838AE49006678AC /* FriendViewController.swift */,
				B380EBB6283C045500FD6BD1 /* IndividualViewController.swift */,
				B3CF8DB92838B156006678AC /* FriendsAddViewController.swift */,
			);
			path = FriendGroup;
			sourceTree = "<group>";
		};
		B3CF8D8328389911006678AC = {
			isa = PBXGroup;
			children = (
				B3CF8D8E28389911006678AC /* Timezone */,
				B3CF8D8D28389911006678AC /* Products */,
			);
			sourceTree = "<group>";
		};
		B3CF8D8D28389911006678AC /* Products */ = {
			isa = PBXGroup;
			children = (
				B3CF8D8C28389911006678AC /* Timezone.app */,
			);
			name = Products;
			sourceTree = "<group>";
		};
		B3CF8D8E28389911006678AC /* Timezone */ = {
			isa = PBXGroup;
			children = (
				B3C2850D2848505400F3D223 /* countriesData.json */,
				B3C2850B28481F6600F3D223 /* countries.json */,
				B3C2D47128403BEC007F8113 /* data.json */,
				B3CF8DAA28389FE1006678AC /* Resources */,
				B3CF8DA928389FD7006678AC /* Utils */,
				B3CF8DA828389FCD006678AC /* ViewModels */,
				B3CF8DA728389FC7006678AC /* Views */,
				B3CF8DA628389FB5006678AC /* Controllers */,
				B3CF8D9D28389915006678AC /* Info.plist */,
			);
			path = Timezone;
			sourceTree = "<group>";
		};
		B3CF8DA628389FB5006678AC /* Controllers */ = {
			isa = PBXGroup;
			children = (
				B3C9F2832841895200AE5FB1 /* FriendGroup */,
				B3C9F2822841891B00AE5FB1 /* CountryGroup */,
				B3CF8D9328389911006678AC /* ViewController.swift */,
				B3C9F28028416C4A00AE5FB1 /* TabBarViewController.swift */,
			);
			path = Controllers;
			sourceTree = "<group>";
		};
		B3CF8DA728389FC7006678AC /* Views */ = {
			isa = PBXGroup;
			children = (
				B3CF8DAB2838A047006678AC /* ViewTableCell.swift */,
				B3CF8DB72838B0AC006678AC /* FriendsListCell.swift */,
				B380EBB8283C0DA700FD6BD1 /* FriendsAddTableViewCell.swift */,
				B380EBBA283C142E00FD6BD1 /* CountryTableViewCell.swift */,
				B380EBC0283C2A1000FD6BD1 /* IndividualTableViewCell.swift */,
				B3C9F27E2841517C00AE5FB1 /* CategolizedFriendGroupViewControllerCell.swift */,
			);
			path = Views;
			sourceTree = "<group>";
		};
		B3CF8DA828389FCD006678AC /* ViewModels */ = {
			isa = PBXGroup;
			children = (
				B3CF8DAF2838A0BD006678AC /* ViewModel.swift */,
				B3CF8DB52838B046006678AC /* Friend.swift */,
				B380EBBC283C259E00FD6BD1 /* Country.swift */,
				B380EBBE283C295800FD6BD1 /* Profile.swift */,
				B3C321D82840C6A9006221B8 /* Result.swift */,
				B3C321DA2840C6CB006221B8 /* ResultItem.swift */,
				B3C2850928481F1500F3D223 /* DetailedCountryModel.swift */,
			);
			path = ViewModels;
			sourceTree = "<group>";
		};
		B3CF8DA928389FD7006678AC /* Utils */ = {
			isa = PBXGroup;
			children = (
				B3CF8D8F28389911006678AC /* AppDelegate.swift */,
				B3CF8D9128389911006678AC /* SceneDelegate.swift */,
				B3CF8DAD2838A09D006678AC /* ConvenientTool.swift */,
			);
			path = Utils;
			sourceTree = "<group>";
		};
		B3CF8DAA28389FE1006678AC /* Resources */ = {
			isa = PBXGroup;
			children = (
				B3CF8D9A28389915006678AC /* LaunchScreen.storyboard */,
				B3CF8D9828389915006678AC /* Assets.xcassets */,
				B3CF8D9528389911006678AC /* Main.storyboard */,
			);
			path = Resources;
			sourceTree = "<group>";
		};
/* End PBXGroup section */

/* Begin PBXNativeTarget section */
		B3CF8D8B28389911006678AC /* Timezone */ = {
			isa = PBXNativeTarget;
			buildConfigurationList = B3CF8DA028389915006678AC /* Build configuration list for PBXNativeTarget "Timezone" */;
			buildPhases = (
				B3CF8D8828389911006678AC /* Sources */,
				B3CF8D8928389911006678AC /* Frameworks */,
				B3CF8D8A28389911006678AC /* Resources */,
			);
			buildRules = (
			);
			dependencies = (
			);
			name = Timezone;
			packageProductDependencies = (
				B3CF8DA4283899E0006678AC /* Elements */,
				B3C9F2852841A50300AE5FB1 /* Realm */,
				B3C9F2872841A50300AE5FB1 /* RealmSwift */,
				B3C640E72845EB1C00FAE8E4 /* SDWebImage */,
				B3C640E92845EB1C00FAE8E4 /* SDWebImageMapKit */,
			);
			productName = Timezone;
			productReference = B3CF8D8C28389911006678AC /* Timezone.app */;
			productType = "com.apple.product-type.application";
		};
/* End PBXNativeTarget section */

/* Begin PBXProject section */
		B3CF8D8428389911006678AC /* Project object */ = {
			isa = PBXProject;
			attributes = {
				BuildIndependentTargetsInParallel = 1;
				LastSwiftUpdateCheck = 1340;
				LastUpgradeCheck = 1340;
				TargetAttributes = {
					B3CF8D8B28389911006678AC = {
						CreatedOnToolsVersion = 13.4;
					};
				};
			};
			buildConfigurationList = B3CF8D8728389911006678AC /* Build configuration list for PBXProject "Timezone" */;
			compatibilityVersion = "Xcode 13.0";
			developmentRegion = en;
			hasScannedForEncodings = 0;
			knownRegions = (
				en,
				Base,
			);
			mainGroup = B3CF8D8328389911006678AC;
			packageReferences = (
				B3CF8DA3283899E0006678AC /* XCRemoteSwiftPackageReference "ElementKit" */,
				B3C9F2842841A50300AE5FB1 /* XCRemoteSwiftPackageReference "realm-swift" */,
				B3C640E62845EB1C00FAE8E4 /* XCRemoteSwiftPackageReference "SDWebImage" */,
			);
			productRefGroup = B3CF8D8D28389911006678AC /* Products */;
			projectDirPath = "";
			projectRoot = "";
			targets = (
				B3CF8D8B28389911006678AC /* Timezone */,
			);
		};
/* End PBXProject section */

/* Begin PBXResourcesBuildPhase section */
		B3CF8D8A28389911006678AC /* Resources */ = {
			isa = PBXResourcesBuildPhase;
			buildActionMask = 2147483647;
			files = (
				B3CF8D9C28389915006678AC /* LaunchScreen.storyboard in Resources */,
				B3C2850C28481F6600F3D223 /* countries.json in Resources */,
				B3C2850E2848505400F3D223 /* countriesData.json in Resources */,
				B3CF8D9928389915006678AC /* Assets.xcassets in Resources */,
				B3CF8D9728389911006678AC /* Main.storyboard in Resources */,
				B3C2D47228403BEC007F8113 /* data.json in Resources */,
			);
			runOnlyForDeploymentPostprocessing = 0;
		};
/* End PBXResourcesBuildPhase section */

/* Begin PBXSourcesBuildPhase section */
		B3CF8D8828389911006678AC /* Sources */ = {
			isa = PBXSourcesBuildPhase;
			buildActionMask = 2147483647;
			files = (
				B3C321D92840C6A9006221B8 /* Result.swift in Sources */,
				B380EBC1283C2A1000FD6BD1 /* IndividualTableViewCell.swift in Sources */,
				B3C9F28128416C4A00AE5FB1 /* TabBarViewController.swift in Sources */,
				B3CF8DAE2838A09D006678AC /* ConvenientTool.swift in Sources */,
				B380EBB7283C045500FD6BD1 /* IndividualViewController.swift in Sources */,
				B3CF8DB22838AA16006678AC /* CountriesViewController.swift in Sources */,
				B3CF8D9428389911006678AC /* ViewController.swift in Sources */,
				B380EBB9283C0DA700FD6BD1 /* FriendsAddTableViewCell.swift in Sources */,
				B3CF8DAC2838A047006678AC /* ViewTableCell.swift in Sources */,
				B3CF8DB42838AE49006678AC /* FriendViewController.swift in Sources */,
				B3CF8DB82838B0AC006678AC /* FriendsListCell.swift in Sources */,
				B3C2850A28481F1500F3D223 /* DetailedCountryModel.swift in Sources */,
				B3C321DB2840C6CB006221B8 /* ResultItem.swift in Sources */,
				B3CF8D9028389911006678AC /* AppDelegate.swift in Sources */,
				B380EBBF283C295800FD6BD1 /* Profile.swift in Sources */,
				B3CF8DB62838B046006678AC /* Friend.swift in Sources */,
				B3CF8DB02838A0BD006678AC /* ViewModel.swift in Sources */,
				B3CF8D9228389911006678AC /* SceneDelegate.swift in Sources */,
				B3C9F27D28414E9800AE5FB1 /* CategolizedFriendGroupViewController.swift in Sources */,
				B380EBBB283C142E00FD6BD1 /* CountryTableViewCell.swift in Sources */,
				B380EBBD283C259E00FD6BD1 /* Country.swift in Sources */,
				B3C9F27F2841517C00AE5FB1 /* CategolizedFriendGroupViewControllerCell.swift in Sources */,
				B3CF8DBA2838B156006678AC /* FriendsAddViewController.swift in Sources */,
			);
			runOnlyForDeploymentPostprocessing = 0;
		};
/* End PBXSourcesBuildPhase section */

/* Begin PBXVariantGroup section */
		B3CF8D9528389911006678AC /* Main.storyboard */ = {
			isa = PBXVariantGroup;
			children = (
				B3CF8D9628389911006678AC /* Base */,
			);
			name = Main.storyboard;
			sourceTree = "<group>";
		};
		B3CF8D9A28389915006678AC /* LaunchScreen.storyboard */ = {
			isa = PBXVariantGroup;
			children = (
				B3CF8D9B28389915006678AC /* Base */,
			);
			name = LaunchScreen.storyboard;
			sourceTree = "<group>";
		};
/* End PBXVariantGroup section */

/* Begin XCBuildConfiguration section */
		B3CF8D9E28389915006678AC /* Debug */ = {
			isa = XCBuildConfiguration;
			buildSettings = {
				ALWAYS_SEARCH_USER_PATHS = NO;
				CLANG_ANALYZER_NONNULL = YES;
				CLANG_ANALYZER_NUMBER_OBJECT_CONVERSION = YES_AGGRESSIVE;
				CLANG_CXX_LANGUAGE_STANDARD = "gnu++17";
				CLANG_ENABLE_MODULES = YES;
				CLANG_ENABLE_OBJC_ARC = YES;
				CLANG_ENABLE_OBJC_WEAK = YES;
				CLANG_WARN_BLOCK_CAPTURE_AUTORELEASING = YES;
				CLANG_WARN_BOOL_CONVERSION = YES;
				CLANG_WARN_COMMA = YES;
				CLANG_WARN_CONSTANT_CONVERSION = YES;
				CLANG_WARN_DEPRECATED_OBJC_IMPLEMENTATIONS = YES;
				CLANG_WARN_DIRECT_OBJC_ISA_USAGE = YES_ERROR;
				CLANG_WARN_DOCUMENTATION_COMMENTS = YES;
				CLANG_WARN_EMPTY_BODY = YES;
				CLANG_WARN_ENUM_CONVERSION = YES;
				CLANG_WARN_INFINITE_RECURSION = YES;
				CLANG_WARN_INT_CONVERSION = YES;
				CLANG_WARN_NON_LITERAL_NULL_CONVERSION = YES;
				CLANG_WARN_OBJC_IMPLICIT_RETAIN_SELF = YES;
				CLANG_WARN_OBJC_LITERAL_CONVERSION = YES;
				CLANG_WARN_OBJC_ROOT_CLASS = YES_ERROR;
				CLANG_WARN_QUOTED_INCLUDE_IN_FRAMEWORK_HEADER = YES;
				CLANG_WARN_RANGE_LOOP_ANALYSIS = YES;
				CLANG_WARN_STRICT_PROTOTYPES = YES;
				CLANG_WARN_SUSPICIOUS_MOVE = YES;
				CLANG_WARN_UNGUARDED_AVAILABILITY = YES_AGGRESSIVE;
				CLANG_WARN_UNREACHABLE_CODE = YES;
				CLANG_WARN__DUPLICATE_METHOD_MATCH = YES;
				COPY_PHASE_STRIP = NO;
				DEBUG_INFORMATION_FORMAT = dwarf;
				ENABLE_STRICT_OBJC_MSGSEND = YES;
				ENABLE_TESTABILITY = YES;
				GCC_C_LANGUAGE_STANDARD = gnu11;
				GCC_DYNAMIC_NO_PIC = NO;
				GCC_NO_COMMON_BLOCKS = YES;
				GCC_OPTIMIZATION_LEVEL = 0;
				GCC_PREPROCESSOR_DEFINITIONS = (
					"DEBUG=1",
					"$(inherited)",
				);
				GCC_WARN_64_TO_32_BIT_CONVERSION = YES;
				GCC_WARN_ABOUT_RETURN_TYPE = YES_ERROR;
				GCC_WARN_UNDECLARED_SELECTOR = YES;
				GCC_WARN_UNINITIALIZED_AUTOS = YES_AGGRESSIVE;
				GCC_WARN_UNUSED_FUNCTION = YES;
				GCC_WARN_UNUSED_VARIABLE = YES;
				IPHONEOS_DEPLOYMENT_TARGET = 15.5;
				MTL_ENABLE_DEBUG_INFO = INCLUDE_SOURCE;
				MTL_FAST_MATH = YES;
				ONLY_ACTIVE_ARCH = YES;
				SDKROOT = iphoneos;
				SWIFT_ACTIVE_COMPILATION_CONDITIONS = DEBUG;
				SWIFT_OPTIMIZATION_LEVEL = "-Onone";
			};
			name = Debug;
		};
		B3CF8D9F28389915006678AC /* Release */ = {
			isa = XCBuildConfiguration;
			buildSettings = {
				ALWAYS_SEARCH_USER_PATHS = NO;
				CLANG_ANALYZER_NONNULL = YES;
				CLANG_ANALYZER_NUMBER_OBJECT_CONVERSION = YES_AGGRESSIVE;
				CLANG_CXX_LANGUAGE_STANDARD = "gnu++17";
				CLANG_ENABLE_MODULES = YES;
				CLANG_ENABLE_OBJC_ARC = YES;
				CLANG_ENABLE_OBJC_WEAK = YES;
				CLANG_WARN_BLOCK_CAPTURE_AUTORELEASING = YES;
				CLANG_WARN_BOOL_CONVERSION = YES;
				CLANG_WARN_COMMA = YES;
				CLANG_WARN_CONSTANT_CONVERSION = YES;
				CLANG_WARN_DEPRECATED_OBJC_IMPLEMENTATIONS = YES;
				CLANG_WARN_DIRECT_OBJC_ISA_USAGE = YES_ERROR;
				CLANG_WARN_DOCUMENTATION_COMMENTS = YES;
				CLANG_WARN_EMPTY_BODY = YES;
				CLANG_WARN_ENUM_CONVERSION = YES;
				CLANG_WARN_INFINITE_RECURSION = YES;
				CLANG_WARN_INT_CONVERSION = YES;
				CLANG_WARN_NON_LITERAL_NULL_CONVERSION = YES;
				CLANG_WARN_OBJC_IMPLICIT_RETAIN_SELF = YES;
				CLANG_WARN_OBJC_LITERAL_CONVERSION = YES;
				CLANG_WARN_OBJC_ROOT_CLASS = YES_ERROR;
				CLANG_WARN_QUOTED_INCLUDE_IN_FRAMEWORK_HEADER = YES;
				CLANG_WARN_RANGE_LOOP_ANALYSIS = YES;
				CLANG_WARN_STRICT_PROTOTYPES = YES;
				CLANG_WARN_SUSPICIOUS_MOVE = YES;
				CLANG_WARN_UNGUARDED_AVAILABILITY = YES_AGGRESSIVE;
				CLANG_WARN_UNREACHABLE_CODE = YES;
				CLANG_WARN__DUPLICATE_METHOD_MATCH = YES;
				COPY_PHASE_STRIP = NO;
				DEBUG_INFORMATION_FORMAT = "dwarf-with-dsym";
				ENABLE_NS_ASSERTIONS = NO;
				ENABLE_STRICT_OBJC_MSGSEND = YES;
				GCC_C_LANGUAGE_STANDARD = gnu11;
				GCC_NO_COMMON_BLOCKS = YES;
				GCC_WARN_64_TO_32_BIT_CONVERSION = YES;
				GCC_WARN_ABOUT_RETURN_TYPE = YES_ERROR;
				GCC_WARN_UNDECLARED_SELECTOR = YES;
				GCC_WARN_UNINITIALIZED_AUTOS = YES_AGGRESSIVE;
				GCC_WARN_UNUSED_FUNCTION = YES;
				GCC_WARN_UNUSED_VARIABLE = YES;
				IPHONEOS_DEPLOYMENT_TARGET = 15.5;
				MTL_ENABLE_DEBUG_INFO = NO;
				MTL_FAST_MATH = YES;
				SDKROOT = iphoneos;
				SWIFT_COMPILATION_MODE = wholemodule;
				SWIFT_OPTIMIZATION_LEVEL = "-O";
				VALIDATE_PRODUCT = YES;
			};
			name = Release;
		};
		B3CF8DA128389915006678AC /* Debug */ = {
			isa = XCBuildConfiguration;
			buildSettings = {
				ASSETCATALOG_COMPILER_APPICON_NAME = AppIcon;
				ASSETCATALOG_COMPILER_GLOBAL_ACCENT_COLOR_NAME = AccentColor;
				CODE_SIGN_STYLE = Automatic;
				CURRENT_PROJECT_VERSION = 1;
				GENERATE_INFOPLIST_FILE = YES;
				INFOPLIST_FILE = Timezone/Info.plist;
				INFOPLIST_KEY_LSSupportsOpeningDocumentsInPlace = YES;
				INFOPLIST_KEY_NSFileProviderDomainUsageDescription = "Please allow access to files";
				INFOPLIST_KEY_UIApplicationSupportsIndirectInputEvents = YES;
				INFOPLIST_KEY_UILaunchStoryboardName = LaunchScreen;
				INFOPLIST_KEY_UIMainStoryboardFile = Main;
				INFOPLIST_KEY_UISupportedInterfaceOrientations_iPad = "UIInterfaceOrientationPortrait UIInterfaceOrientationPortraitUpsideDown UIInterfaceOrientationLandscapeLeft UIInterfaceOrientationLandscapeRight";
				INFOPLIST_KEY_UISupportedInterfaceOrientations_iPhone = "UIInterfaceOrientationPortrait UIInterfaceOrientationLandscapeLeft UIInterfaceOrientationLandscapeRight";
				LD_RUNPATH_SEARCH_PATHS = (
					"$(inherited)",
					"@executable_path/Frameworks",
				);
				MARKETING_VERSION = 1.0;
				PRODUCT_BUNDLE_IDENTIFIER = MYCompany.Timezone;
				PRODUCT_NAME = "$(TARGET_NAME)";
				SWIFT_EMIT_LOC_STRINGS = YES;
				SWIFT_VERSION = 5.0;
				TARGETED_DEVICE_FAMILY = "1,2";
			};
			name = Debug;
		};
		B3CF8DA228389915006678AC /* Release */ = {
			isa = XCBuildConfiguration;
			buildSettings = {
				ASSETCATALOG_COMPILER_APPICON_NAME = AppIcon;
				ASSETCATALOG_COMPILER_GLOBAL_ACCENT_COLOR_NAME = AccentColor;
				CODE_SIGN_STYLE = Automatic;
				CURRENT_PROJECT_VERSION = 1;
				GENERATE_INFOPLIST_FILE = YES;
				INFOPLIST_FILE = Timezone/Info.plist;
				INFOPLIST_KEY_LSSupportsOpeningDocumentsInPlace = YES;
				INFOPLIST_KEY_NSFileProviderDomainUsageDescription = "Please allow access to files";
				INFOPLIST_KEY_UIApplicationSupportsIndirectInputEvents = YES;
				INFOPLIST_KEY_UILaunchStoryboardName = LaunchScreen;
				INFOPLIST_KEY_UIMainStoryboardFile = Main;
				INFOPLIST_KEY_UISupportedInterfaceOrientations_iPad = "UIInterfaceOrientationPortrait UIInterfaceOrientationPortraitUpsideDown UIInterfaceOrientationLandscapeLeft UIInterfaceOrientationLandscapeRight";
				INFOPLIST_KEY_UISupportedInterfaceOrientations_iPhone = "UIInterfaceOrientationPortrait UIInterfaceOrientationLandscapeLeft UIInterfaceOrientationLandscapeRight";
				LD_RUNPATH_SEARCH_PATHS = (
					"$(inherited)",
					"@executable_path/Frameworks",
				);
				MARKETING_VERSION = 1.0;
				PRODUCT_BUNDLE_IDENTIFIER = MYCompany.Timezone;
				PRODUCT_NAME = "$(TARGET_NAME)";
				SWIFT_EMIT_LOC_STRINGS = YES;
				SWIFT_VERSION = 5.0;
				TARGETED_DEVICE_FAMILY = "1,2";
			};
			name = Release;
		};
/* End XCBuildConfiguration section */

/* Begin XCConfigurationList section */
		B3CF8D8728389911006678AC /* Build configuration list for PBXProject "Timezone" */ = {
			isa = XCConfigurationList;
			buildConfigurations = (
				B3CF8D9E28389915006678AC /* Debug */,
				B3CF8D9F28389915006678AC /* Release */,
			);
			defaultConfigurationIsVisible = 0;
			defaultConfigurationName = Release;
		};
		B3CF8DA028389915006678AC /* Build configuration list for PBXNativeTarget "Timezone" */ = {
			isa = XCConfigurationList;
			buildConfigurations = (
				B3CF8DA128389915006678AC /* Debug */,
				B3CF8DA228389915006678AC /* Release */,
			);
			defaultConfigurationIsVisible = 0;
			defaultConfigurationName = Release;
		};
/* End XCConfigurationList section */

/* Begin XCRemoteSwiftPackageReference section */
		B3C640E62845EB1C00FAE8E4 /* XCRemoteSwiftPackageReference "SDWebImage" */ = {
			isa = XCRemoteSwiftPackageReference;
			repositoryURL = "https://github.com/SDWebImage/SDWebImage";
			requirement = {
				kind = upToNextMajorVersion;
				minimumVersion = 5.0.0;
			};
		};
		B3C9F2842841A50300AE5FB1 /* XCRemoteSwiftPackageReference "realm-swift" */ = {
			isa = XCRemoteSwiftPackageReference;
			repositoryURL = "https://github.com/realm/realm-swift";
			requirement = {
				branch = master;
				kind = branch;
			};
		};
		B3CF8DA3283899E0006678AC /* XCRemoteSwiftPackageReference "ElementKit" */ = {
			isa = XCRemoteSwiftPackageReference;
			repositoryURL = "https://github.com/practice20200/ElementKit";
			requirement = {
				kind = upToNextMajorVersion;
				minimumVersion = 1.0.0;
			};
		};
/* End XCRemoteSwiftPackageReference section */

/* Begin XCSwiftPackageProductDependency section */
		B3C640E72845EB1C00FAE8E4 /* SDWebImage */ = {
			isa = XCSwiftPackageProductDependency;
			package = B3C640E62845EB1C00FAE8E4 /* XCRemoteSwiftPackageReference "SDWebImage" */;
			productName = SDWebImage;
		};
		B3C640E92845EB1C00FAE8E4 /* SDWebImageMapKit */ = {
			isa = XCSwiftPackageProductDependency;
			package = B3C640E62845EB1C00FAE8E4 /* XCRemoteSwiftPackageReference "SDWebImage" */;
			productName = SDWebImageMapKit;
		};
		B3C9F2852841A50300AE5FB1 /* Realm */ = {
			isa = XCSwiftPackageProductDependency;
			package = B3C9F2842841A50300AE5FB1 /* XCRemoteSwiftPackageReference "realm-swift" */;
			productName = Realm;
		};
		B3C9F2872841A50300AE5FB1 /* RealmSwift */ = {
			isa = XCSwiftPackageProductDependency;
			package = B3C9F2842841A50300AE5FB1 /* XCRemoteSwiftPackageReference "realm-swift" */;
			productName = RealmSwift;
		};
		B3CF8DA4283899E0006678AC /* Elements */ = {
			isa = XCSwiftPackageProductDependency;
			package = B3CF8DA3283899E0006678AC /* XCRemoteSwiftPackageReference "ElementKit" */;
			productName = Elements;
		};
/* End XCSwiftPackageProductDependency section */
	};
	rootObject = B3CF8D8428389911006678AC /* Project object */;
}
